
Microsoft Visual Studio Solution File, Format Version 12.00
# Visual Studio Version 17
VisualStudioVersion = 17.7.34024.191
MinimumVisualStudioVersion = 10.0.40219.1
Project("{FAE04EC0-301F-11D3-BF4B-00C04F79EFBC}") = "OperatorsAndComparison", "OperatorsAndComparison\OperatorsAndComparison.csproj", "{7F7F5BE3-864E-4110-8C73-EF103036D75A}"
EndProject
Global
	GlobalSection(SolutionConfigurationPlatforms) = preSolution
		Debug|Any CPU = Debug|Any CPU
		Release|Any CPU = Release|Any CPU
	EndGlobalSection
	GlobalSection(ProjectConfigurationPlatforms) = postSolution
		{7F7F5BE3-864E-4110-8C73-EF103036D75A}.Debug|Any CPU.ActiveCfg = Debug|Any CPU
		{7F7F5BE3-864E-4110-8C73-EF103036D75A}.Debug|Any CPU.Build.0 = Debug|Any CPU
		{7F7F5BE3-864E-4110-8C73-EF103036D75A}.Release|Any CPU.ActiveCfg = Release|Any CPU
		{7F7F5BE3-864E-4110-8C73-EF103036D75A}.Release|Any CPU.Build.0 = Release|Any CPU
	EndGlobalSection
	GlobalSection(SolutionProperties) = preSolution
		HideSolutionNode = FALSE
	EndGlobalSection
	GlobalSection(ExtensibilityGlobals) = postSolution
		SolutionGuid = {8699A073-B0FF-4D45-A11A-28CF20B80B30}
	EndGlobalSection
EndGlobal
