
Microsoft Visual Studio Solution File, Format Version 12.00
# Visual Studio Version 17
VisualStudioVersion = 17.7.34024.191
MinimumVisualStudioVersion = 10.0.40219.1
Project("{FAE04EC0-301F-11D3-BF4B-00C04F79EFBC}") = "StringAndIntergers", "StringAndIntergers\StringAndIntergers.csproj", "{ACCF1032-1E48-4883-9F22-99D8A9B705CA}"
EndProject
Global
	GlobalSection(SolutionConfigurationPlatforms) = preSolution
		Debug|Any CPU = Debug|Any CPU
		Release|Any CPU = Release|Any CPU
	EndGlobalSection
	GlobalSection(ProjectConfigurationPlatforms) = postSolution
		{ACCF1032-1E48-4883-9F22-99D8A9B705CA}.Debug|Any CPU.ActiveCfg = Debug|Any CPU
		{ACCF1032-1E48-4883-9F22-99D8A9B705CA}.Debug|Any CPU.Build.0 = Debug|Any CPU
		{ACCF1032-1E48-4883-9F22-99D8A9B705CA}.Release|Any CPU.ActiveCfg = Release|Any CPU
		{ACCF1032-1E48-4883-9F22-99D8A9B705CA}.Release|Any CPU.Build.0 = Release|Any CPU
	EndGlobalSection
	GlobalSection(SolutionProperties) = preSolution
		HideSolutionNode = FALSE
	EndGlobalSection
	GlobalSection(ExtensibilityGlobals) = postSolution
		SolutionGuid = {7DE32481-B758-4E96-9AEB-6F53A1821E53}
	EndGlobalSection
EndGlobal
