
Microsoft Visual Studio Solution File, Format Version 12.00
# Visual Studio Version 17
VisualStudioVersion = 17.7.34024.191
MinimumVisualStudioVersion = 10.0.40219.1
Project("{FAE04EC0-301F-11D3-BF4B-00C04F79EFBC}") = "StringAssignment", "StringAssignment\StringAssignment.csproj", "{EC75A102-948C-4006-BB66-3CE875E3666E}"
EndProject
Global
	GlobalSection(SolutionConfigurationPlatforms) = preSolution
		Debug|Any CPU = Debug|Any CPU
		Release|Any CPU = Release|Any CPU
	EndGlobalSection
	GlobalSection(ProjectConfigurationPlatforms) = postSolution
		{EC75A102-948C-4006-BB66-3CE875E3666E}.Debug|Any CPU.ActiveCfg = Debug|Any CPU
		{EC75A102-948C-4006-BB66-3CE875E3666E}.Debug|Any CPU.Build.0 = Debug|Any CPU
		{EC75A102-948C-4006-BB66-3CE875E3666E}.Release|Any CPU.ActiveCfg = Release|Any CPU
		{EC75A102-948C-4006-BB66-3CE875E3666E}.Release|Any CPU.Build.0 = Release|Any CPU
	EndGlobalSection
	GlobalSection(SolutionProperties) = preSolution
		HideSolutionNode = FALSE
	EndGlobalSection
	GlobalSection(ExtensibilityGlobals) = postSolution
		SolutionGuid = {DB32B034-9920-4FD0-88F1-84304BA548C7}
	EndGlobalSection
EndGlobal
