
Microsoft Visual Studio Solution File, Format Version 12.00
# Visual Studio Version 16
VisualStudioVersion = 16.0.34114.132
MinimumVisualStudioVersion = 10.0.40219.1
Project("{FAE04EC0-301F-11D3-BF4B-00C04F79EFBC}") = "TechAcadStudentsMVC", "TechAcadStudentsMVC\TechAcadStudentsMVC.csproj", "{3A05DC63-12CB-4E78-875D-0DC8173CF8A8}"
EndProject
Global
	GlobalSection(SolutionConfigurationPlatforms) = preSolution
		Debug|Any CPU = Debug|Any CPU
		Release|Any CPU = Release|Any CPU
	EndGlobalSection
	GlobalSection(ProjectConfigurationPlatforms) = postSolution
		{3A05DC63-12CB-4E78-875D-0DC8173CF8A8}.Debug|Any CPU.ActiveCfg = Debug|Any CPU
		{3A05DC63-12CB-4E78-875D-0DC8173CF8A8}.Debug|Any CPU.Build.0 = Debug|Any CPU
		{3A05DC63-12CB-4E78-875D-0DC8173CF8A8}.Release|Any CPU.ActiveCfg = Release|Any CPU
		{3A05DC63-12CB-4E78-875D-0DC8173CF8A8}.Release|Any CPU.Build.0 = Release|Any CPU
	EndGlobalSection
	GlobalSection(SolutionProperties) = preSolution
		HideSolutionNode = FALSE
	EndGlobalSection
	GlobalSection(ExtensibilityGlobals) = postSolution
		SolutionGuid = {14193462-BF64-4115-AF6B-152E564D8982}
	EndGlobalSection
EndGlobal
