
Microsoft Visual Studio Solution File, Format Version 12.00
# Visual Studio Version 17
VisualStudioVersion = 17.7.34202.233
MinimumVisualStudioVersion = 10.0.40219.1
Project("{FAE04EC0-301F-11D3-BF4B-00C04F79EFBC}") = "ServerClock", "ServerClock\ServerClock.csproj", "{B21C4D0B-B277-4599-B7F0-474F3D46B7CE}"
EndProject
Global
	GlobalSection(SolutionConfigurationPlatforms) = preSolution
		Debug|Any CPU = Debug|Any CPU
		Release|Any CPU = Release|Any CPU
	EndGlobalSection
	GlobalSection(ProjectConfigurationPlatforms) = postSolution
		{B21C4D0B-B277-4599-B7F0-474F3D46B7CE}.Debug|Any CPU.ActiveCfg = Debug|Any CPU
		{B21C4D0B-B277-4599-B7F0-474F3D46B7CE}.Debug|Any CPU.Build.0 = Debug|Any CPU
		{B21C4D0B-B277-4599-B7F0-474F3D46B7CE}.Release|Any CPU.ActiveCfg = Release|Any CPU
		{B21C4D0B-B277-4599-B7F0-474F3D46B7CE}.Release|Any CPU.Build.0 = Release|Any CPU
	EndGlobalSection
	GlobalSection(SolutionProperties) = preSolution
		HideSolutionNode = FALSE
	EndGlobalSection
	GlobalSection(ExtensibilityGlobals) = postSolution
		SolutionGuid = {55400D96-E687-4070-BE91-EC67CCD71E39}
	EndGlobalSection
EndGlobal
